
Microsoft Visual Studio Solution File, Format Version 12.00
# Visual Studio 15
VisualStudioVersion = 15.0.27004.2006
MinimumVisualStudioVersion = 10.0.40219.1
Project("{FAE04EC0-301F-11D3-BF4B-00C04F79EFBC}") = "ComicBookLibraryManager", "ComicBookLibraryManager\ComicBookLibraryManager.csproj", "{D30BE089-4B9E-4532-ABE8-5F33EF03C585}"
EndProject
Project("{FAE04EC0-301F-11D3-BF4B-00C04F79EFBC}") = "ComicBookShared", "ComicBookShared\ComicBookShared.csproj", "{00C6C71D-6A61-4D4C-B5E0-0176D9CB6915}"
EndProject
Project("{FAE04EC0-301F-11D3-BF4B-00C04F79EFBC}") = "ComicBookLibraryManagerWebApp", "ComicBookLibraryManagerWebApp\ComicBookLibraryManagerWebApp.csproj", "{C1FEEA52-3DE4-40E9-9E1C-7BD340AFEFD3}"
EndProject
Global
	GlobalSection(SolutionConfigurationPlatforms) = preSolution
		Debug|Any CPU = Debug|Any CPU
		Release|Any CPU = Release|Any CPU
	EndGlobalSection
	GlobalSection(ProjectConfigurationPlatforms) = postSolution
		{D30BE089-4B9E-4532-ABE8-5F33EF03C585}.Debug|Any CPU.ActiveCfg = Debug|Any CPU
		{D30BE089-4B9E-4532-ABE8-5F33EF03C585}.Debug|Any CPU.Build.0 = Debug|Any CPU
		{D30BE089-4B9E-4532-ABE8-5F33EF03C585}.Release|Any CPU.ActiveCfg = Release|Any CPU
		{D30BE089-4B9E-4532-ABE8-5F33EF03C585}.Release|Any CPU.Build.0 = Release|Any CPU
		{00C6C71D-6A61-4D4C-B5E0-0176D9CB6915}.Debug|Any CPU.ActiveCfg = Debug|Any CPU
		{00C6C71D-6A61-4D4C-B5E0-0176D9CB6915}.Debug|Any CPU.Build.0 = Debug|Any CPU
		{00C6C71D-6A61-4D4C-B5E0-0176D9CB6915}.Release|Any CPU.ActiveCfg = Release|Any CPU
		{00C6C71D-6A61-4D4C-B5E0-0176D9CB6915}.Release|Any CPU.Build.0 = Release|Any CPU
		{C1FEEA52-3DE4-40E9-9E1C-7BD340AFEFD3}.Debug|Any CPU.ActiveCfg = Debug|Any CPU
		{C1FEEA52-3DE4-40E9-9E1C-7BD340AFEFD3}.Debug|Any CPU.Build.0 = Debug|Any CPU
		{C1FEEA52-3DE4-40E9-9E1C-7BD340AFEFD3}.Release|Any CPU.ActiveCfg = Release|Any CPU
		{C1FEEA52-3DE4-40E9-9E1C-7BD340AFEFD3}.Release|Any CPU.Build.0 = Release|Any CPU
	EndGlobalSection
	GlobalSection(SolutionProperties) = preSolution
		HideSolutionNode = FALSE
	EndGlobalSection
	GlobalSection(ExtensibilityGlobals) = postSolution
		SolutionGuid = {E647E44B-511C-4546-A143-19C4E01584D4}
	EndGlobalSection
EndGlobal
